
Microsoft Visual Studio Solution File, Format Version 12.00
# Visual Studio 2012
Project("{FAE04EC0-301F-11D3-BF4B-00C04F79EFBC}") = "StateManagement", "StateManagement\StateManagement.csproj", "{FA6EA368-279C-44EC-9EFB-120F3F27D02D}"
EndProject
Project("{FAE04EC0-301F-11D3-BF4B-00C04F79EFBC}") = "CustomField", "CustomField\CustomField.csproj", "{6B2DE74D-1AE3-481D-95BE-EBE741E28134}"
EndProject
Global
	GlobalSection(SolutionConfigurationPlatforms) = preSolution
		Debug|Any CPU = Debug|Any CPU
		Release|Any CPU = Release|Any CPU
	EndGlobalSection
	GlobalSection(ProjectConfigurationPlatforms) = postSolution
		{FA6EA368-279C-44EC-9EFB-120F3F27D02D}.Debug|Any CPU.ActiveCfg = Debug|Any CPU
		{FA6EA368-279C-44EC-9EFB-120F3F27D02D}.Debug|Any CPU.Build.0 = Debug|Any CPU
		{FA6EA368-279C-44EC-9EFB-120F3F27D02D}.Release|Any CPU.ActiveCfg = Release|Any CPU
		{FA6EA368-279C-44EC-9EFB-120F3F27D02D}.Release|Any CPU.Build.0 = Release|Any CPU
		{6B2DE74D-1AE3-481D-95BE-EBE741E28134}.Debug|Any CPU.ActiveCfg = Debug|Any CPU
		{6B2DE74D-1AE3-481D-95BE-EBE741E28134}.Debug|Any CPU.Build.0 = Debug|Any CPU
		{6B2DE74D-1AE3-481D-95BE-EBE741E28134}.Release|Any CPU.ActiveCfg = Release|Any CPU
		{6B2DE74D-1AE3-481D-95BE-EBE741E28134}.Release|Any CPU.Build.0 = Release|Any CPU
	EndGlobalSection
	GlobalSection(SolutionProperties) = preSolution
		HideSolutionNode = FALSE
	EndGlobalSection
EndGlobal
