
Microsoft Visual Studio Solution File, Format Version 12.00
# Visual Studio 2012
Project("{2150E333-8FDC-42A3-9474-1A3956D46DE8}") = "DAL", "DAL", "{6F933F87-0218-42B3-BCF5-D379C24964FF}"
EndProject
Project("{2150E333-8FDC-42A3-9474-1A3956D46DE8}") = "UI", "UI", "{7A9B4DCA-8F8C-4B06-BDF1-303F07104C2D}"
EndProject
Project("{2150E333-8FDC-42A3-9474-1A3956D46DE8}") = "Services", "Services", "{FC8230BC-B8C7-4F1D-88D4-1ECDBEF7C5ED}"
EndProject
Project("{FAE04EC0-301F-11D3-BF4B-00C04F79EFBC}") = "Services", "Services\Services.csproj", "{ECADB386-C048-42BE-970E-E81C6C23DE58}"
EndProject
Project("{2150E333-8FDC-42A3-9474-1A3956D46DE8}") = "Entities", "Entities", "{E96E976E-ED3B-40F5-B507-D50DC55064D9}"
EndProject
Project("{FAE04EC0-301F-11D3-BF4B-00C04F79EFBC}") = "Entities", "Entities\Entities.csproj", "{F06E761A-1BDA-4342-9B64-242D9DA66CEE}"
EndProject
Project("{FAE04EC0-301F-11D3-BF4B-00C04F79EFBC}") = "ConsoleClient", "UI\ConsoleClient\ConsoleClient.csproj", "{C90D18F1-A812-411B-B2E9-B0B5535196D4}"
EndProject
Project("{FAE04EC0-301F-11D3-BF4B-00C04F79EFBC}") = "WebFormClient", "UI\WebFormClient\WebFormClient.csproj", "{80E394C3-F167-4744-B43F-AB5B0DFB5089}"
EndProject
Project("{FAE04EC0-301F-11D3-BF4B-00C04F79EFBC}") = "WinFormClient", "UI\WinFormClient\WinFormClient.csproj", "{BF5E8D1D-8ECD-4777-A3B1-087A5A1B1A23}"
EndProject
Project("{FAE04EC0-301F-11D3-BF4B-00C04F79EFBC}") = "DataAccess", "DAL\DataAccess.csproj", "{74FBD0E6-09D5-4518-8F6D-D24FAA5CDCCE}"
EndProject
Project("{2150E333-8FDC-42A3-9474-1A3956D46DE8}") = "Containers", "Containers", "{1E3C4BD9-6A3D-4DBB-BD60-ADECCCEE02A1}"
EndProject
Project("{FAE04EC0-301F-11D3-BF4B-00C04F79EFBC}") = "Containers", "Containers\Containers.csproj", "{0702243D-B607-4A4E-9048-A370C3ADD567}"
EndProject
Global
	GlobalSection(SolutionConfigurationPlatforms) = preSolution
		Debug|Any CPU = Debug|Any CPU
		Release|Any CPU = Release|Any CPU
	EndGlobalSection
	GlobalSection(ProjectConfigurationPlatforms) = postSolution
		{ECADB386-C048-42BE-970E-E81C6C23DE58}.Debug|Any CPU.ActiveCfg = Debug|Any CPU
		{ECADB386-C048-42BE-970E-E81C6C23DE58}.Debug|Any CPU.Build.0 = Debug|Any CPU
		{ECADB386-C048-42BE-970E-E81C6C23DE58}.Release|Any CPU.ActiveCfg = Release|Any CPU
		{ECADB386-C048-42BE-970E-E81C6C23DE58}.Release|Any CPU.Build.0 = Release|Any CPU
		{F06E761A-1BDA-4342-9B64-242D9DA66CEE}.Debug|Any CPU.ActiveCfg = Debug|Any CPU
		{F06E761A-1BDA-4342-9B64-242D9DA66CEE}.Debug|Any CPU.Build.0 = Debug|Any CPU
		{F06E761A-1BDA-4342-9B64-242D9DA66CEE}.Release|Any CPU.ActiveCfg = Release|Any CPU
		{F06E761A-1BDA-4342-9B64-242D9DA66CEE}.Release|Any CPU.Build.0 = Release|Any CPU
		{C90D18F1-A812-411B-B2E9-B0B5535196D4}.Debug|Any CPU.ActiveCfg = Debug|Any CPU
		{C90D18F1-A812-411B-B2E9-B0B5535196D4}.Debug|Any CPU.Build.0 = Debug|Any CPU
		{C90D18F1-A812-411B-B2E9-B0B5535196D4}.Release|Any CPU.ActiveCfg = Release|Any CPU
		{C90D18F1-A812-411B-B2E9-B0B5535196D4}.Release|Any CPU.Build.0 = Release|Any CPU
		{80E394C3-F167-4744-B43F-AB5B0DFB5089}.Debug|Any CPU.ActiveCfg = Debug|Any CPU
		{80E394C3-F167-4744-B43F-AB5B0DFB5089}.Debug|Any CPU.Build.0 = Debug|Any CPU
		{80E394C3-F167-4744-B43F-AB5B0DFB5089}.Release|Any CPU.ActiveCfg = Release|Any CPU
		{80E394C3-F167-4744-B43F-AB5B0DFB5089}.Release|Any CPU.Build.0 = Release|Any CPU
		{BF5E8D1D-8ECD-4777-A3B1-087A5A1B1A23}.Debug|Any CPU.ActiveCfg = Debug|Any CPU
		{BF5E8D1D-8ECD-4777-A3B1-087A5A1B1A23}.Debug|Any CPU.Build.0 = Debug|Any CPU
		{BF5E8D1D-8ECD-4777-A3B1-087A5A1B1A23}.Release|Any CPU.ActiveCfg = Release|Any CPU
		{BF5E8D1D-8ECD-4777-A3B1-087A5A1B1A23}.Release|Any CPU.Build.0 = Release|Any CPU
		{74FBD0E6-09D5-4518-8F6D-D24FAA5CDCCE}.Debug|Any CPU.ActiveCfg = Debug|Any CPU
		{74FBD0E6-09D5-4518-8F6D-D24FAA5CDCCE}.Debug|Any CPU.Build.0 = Debug|Any CPU
		{74FBD0E6-09D5-4518-8F6D-D24FAA5CDCCE}.Release|Any CPU.ActiveCfg = Release|Any CPU
		{74FBD0E6-09D5-4518-8F6D-D24FAA5CDCCE}.Release|Any CPU.Build.0 = Release|Any CPU
		{0702243D-B607-4A4E-9048-A370C3ADD567}.Debug|Any CPU.ActiveCfg = Debug|Any CPU
		{0702243D-B607-4A4E-9048-A370C3ADD567}.Debug|Any CPU.Build.0 = Debug|Any CPU
		{0702243D-B607-4A4E-9048-A370C3ADD567}.Release|Any CPU.ActiveCfg = Release|Any CPU
		{0702243D-B607-4A4E-9048-A370C3ADD567}.Release|Any CPU.Build.0 = Release|Any CPU
	EndGlobalSection
	GlobalSection(SolutionProperties) = preSolution
		HideSolutionNode = FALSE
	EndGlobalSection
	GlobalSection(NestedProjects) = preSolution
		{74FBD0E6-09D5-4518-8F6D-D24FAA5CDCCE} = {6F933F87-0218-42B3-BCF5-D379C24964FF}
		{C90D18F1-A812-411B-B2E9-B0B5535196D4} = {7A9B4DCA-8F8C-4B06-BDF1-303F07104C2D}
		{80E394C3-F167-4744-B43F-AB5B0DFB5089} = {7A9B4DCA-8F8C-4B06-BDF1-303F07104C2D}
		{BF5E8D1D-8ECD-4777-A3B1-087A5A1B1A23} = {7A9B4DCA-8F8C-4B06-BDF1-303F07104C2D}
		{ECADB386-C048-42BE-970E-E81C6C23DE58} = {FC8230BC-B8C7-4F1D-88D4-1ECDBEF7C5ED}
		{F06E761A-1BDA-4342-9B64-242D9DA66CEE} = {E96E976E-ED3B-40F5-B507-D50DC55064D9}
		{0702243D-B607-4A4E-9048-A370C3ADD567} = {1E3C4BD9-6A3D-4DBB-BD60-ADECCCEE02A1}
	EndGlobalSection
EndGlobal
